
Microsoft Visual Studio Solution File, Format Version 12.00
# Visual Studio 14
VisualStudioVersion = 14.0.25420.1
MinimumVisualStudioVersion = 10.0.40219.1
Project("{FAE04EC0-301F-11D3-BF4B-00C04F79EFBC}") = "Usuario.Droid", "Usuario\Usuario.Droid\Usuario.Droid.csproj", "{C96096DB-C5DA-4C92-B402-927C97235C77}"
EndProject
Project("{FAE04EC0-301F-11D3-BF4B-00C04F79EFBC}") = "Usuario.iOS", "Usuario\Usuario.iOS\Usuario.iOS.csproj", "{8F9DBEC6-9E59-4181-A1C0-721E27318E2D}"
EndProject
Project("{FAE04EC0-301F-11D3-BF4B-00C04F79EFBC}") = "Usuario.UWP", "Usuario\Usuario.UWP\Usuario.UWP.csproj", "{DD894659-8B90-4B1A-90D9-98B08730B3A2}"
EndProject
Project("{FAE04EC0-301F-11D3-BF4B-00C04F79EFBC}") = "Usuario", "Usuario\Usuario\Usuario.csproj", "{72E141EB-40F5-49E3-A23E-E6A07FBD3FBD}"
EndProject
Global
	GlobalSection(SolutionConfigurationPlatforms) = preSolution
		Ad-Hoc|Any CPU = Ad-Hoc|Any CPU
		Ad-Hoc|ARM = Ad-Hoc|ARM
		Ad-Hoc|iPhone = Ad-Hoc|iPhone
		Ad-Hoc|iPhoneSimulator = Ad-Hoc|iPhoneSimulator
		Ad-Hoc|x64 = Ad-Hoc|x64
		Ad-Hoc|x86 = Ad-Hoc|x86
		AppStore|Any CPU = AppStore|Any CPU
		AppStore|ARM = AppStore|ARM
		AppStore|iPhone = AppStore|iPhone
		AppStore|iPhoneSimulator = AppStore|iPhoneSimulator
		AppStore|x64 = AppStore|x64
		AppStore|x86 = AppStore|x86
		Debug|Any CPU = Debug|Any CPU
		Debug|ARM = Debug|ARM
		Debug|iPhone = Debug|iPhone
		Debug|iPhoneSimulator = Debug|iPhoneSimulator
		Debug|x64 = Debug|x64
		Debug|x86 = Debug|x86
		Release|Any CPU = Release|Any CPU
		Release|ARM = Release|ARM
		Release|iPhone = Release|iPhone
		Release|iPhoneSimulator = Release|iPhoneSimulator
		Release|x64 = Release|x64
		Release|x86 = Release|x86
	EndGlobalSection
	GlobalSection(ProjectConfigurationPlatforms) = postSolution
		{C96096DB-C5DA-4C92-B402-927C97235C77}.Ad-Hoc|Any CPU.ActiveCfg = Release|Any CPU
		{C96096DB-C5DA-4C92-B402-927C97235C77}.Ad-Hoc|Any CPU.Build.0 = Release|Any CPU
		{C96096DB-C5DA-4C92-B402-927C97235C77}.Ad-Hoc|Any CPU.Deploy.0 = Release|Any CPU
		{C96096DB-C5DA-4C92-B402-927C97235C77}.Ad-Hoc|ARM.ActiveCfg = Release|Any CPU
		{C96096DB-C5DA-4C92-B402-927C97235C77}.Ad-Hoc|ARM.Build.0 = Release|Any CPU
		{C96096DB-C5DA-4C92-B402-927C97235C77}.Ad-Hoc|ARM.Deploy.0 = Release|Any CPU
		{C96096DB-C5DA-4C92-B402-927C97235C77}.Ad-Hoc|iPhone.ActiveCfg = Release|Any CPU
		{C96096DB-C5DA-4C92-B402-927C97235C77}.Ad-Hoc|iPhone.Build.0 = Release|Any CPU
		{C96096DB-C5DA-4C92-B402-927C97235C77}.Ad-Hoc|iPhone.Deploy.0 = Release|Any CPU
		{C96096DB-C5DA-4C92-B402-927C97235C77}.Ad-Hoc|iPhoneSimulator.ActiveCfg = Release|Any CPU
		{C96096DB-C5DA-4C92-B402-927C97235C77}.Ad-Hoc|iPhoneSimulator.Build.0 = Release|Any CPU
		{C96096DB-C5DA-4C92-B402-927C97235C77}.Ad-Hoc|iPhoneSimulator.Deploy.0 = Release|Any CPU
		{C96096DB-C5DA-4C92-B402-927C97235C77}.Ad-Hoc|x64.ActiveCfg = Release|Any CPU
		{C96096DB-C5DA-4C92-B402-927C97235C77}.Ad-Hoc|x64.Build.0 = Release|Any CPU
		{C96096DB-C5DA-4C92-B402-927C97235C77}.Ad-Hoc|x64.Deploy.0 = Release|Any CPU
		{C96096DB-C5DA-4C92-B402-927C97235C77}.Ad-Hoc|x86.ActiveCfg = Release|Any CPU
		{C96096DB-C5DA-4C92-B402-927C97235C77}.Ad-Hoc|x86.Build.0 = Release|Any CPU
		{C96096DB-C5DA-4C92-B402-927C97235C77}.Ad-Hoc|x86.Deploy.0 = Release|Any CPU
		{C96096DB-C5DA-4C92-B402-927C97235C77}.AppStore|Any CPU.ActiveCfg = Release|Any CPU
		{C96096DB-C5DA-4C92-B402-927C97235C77}.AppStore|Any CPU.Build.0 = Release|Any CPU
		{C96096DB-C5DA-4C92-B402-927C97235C77}.AppStore|Any CPU.Deploy.0 = Release|Any CPU
		{C96096DB-C5DA-4C92-B402-927C97235C77}.AppStore|ARM.ActiveCfg = Release|Any CPU
		{C96096DB-C5DA-4C92-B402-927C97235C77}.AppStore|ARM.Build.0 = Release|Any CPU
		{C96096DB-C5DA-4C92-B402-927C97235C77}.AppStore|ARM.Deploy.0 = Release|Any CPU
		{C96096DB-C5DA-4C92-B402-927C97235C77}.AppStore|iPhone.ActiveCfg = Release|Any CPU
		{C96096DB-C5DA-4C92-B402-927C97235C77}.AppStore|iPhone.Build.0 = Release|Any CPU
		{C96096DB-C5DA-4C92-B402-927C97235C77}.AppStore|iPhone.Deploy.0 = Release|Any CPU
		{C96096DB-C5DA-4C92-B402-927C97235C77}.AppStore|iPhoneSimulator.ActiveCfg = Release|Any CPU
		{C96096DB-C5DA-4C92-B402-927C97235C77}.AppStore|iPhoneSimulator.Build.0 = Release|Any CPU
		{C96096DB-C5DA-4C92-B402-927C97235C77}.AppStore|iPhoneSimulator.Deploy.0 = Release|Any CPU
		{C96096DB-C5DA-4C92-B402-927C97235C77}.AppStore|x64.ActiveCfg = Release|Any CPU
		{C96096DB-C5DA-4C92-B402-927C97235C77}.AppStore|x64.Build.0 = Release|Any CPU
		{C96096DB-C5DA-4C92-B402-927C97235C77}.AppStore|x64.Deploy.0 = Release|Any CPU
		{C96096DB-C5DA-4C92-B402-927C97235C77}.AppStore|x86.ActiveCfg = Release|Any CPU
		{C96096DB-C5DA-4C92-B402-927C97235C77}.AppStore|x86.Build.0 = Release|Any CPU
		{C96096DB-C5DA-4C92-B402-927C97235C77}.AppStore|x86.Deploy.0 = Release|Any CPU
		{C96096DB-C5DA-4C92-B402-927C97235C77}.Debug|Any CPU.ActiveCfg = Debug|Any CPU
		{C96096DB-C5DA-4C92-B402-927C97235C77}.Debug|Any CPU.Build.0 = Debug|Any CPU
		{C96096DB-C5DA-4C92-B402-927C97235C77}.Debug|Any CPU.Deploy.0 = Debug|Any CPU
		{C96096DB-C5DA-4C92-B402-927C97235C77}.Debug|ARM.ActiveCfg = Debug|Any CPU
		{C96096DB-C5DA-4C92-B402-927C97235C77}.Debug|ARM.Build.0 = Debug|Any CPU
		{C96096DB-C5DA-4C92-B402-927C97235C77}.Debug|ARM.Deploy.0 = Debug|Any CPU
		{C96096DB-C5DA-4C92-B402-927C97235C77}.Debug|iPhone.ActiveCfg = Debug|Any CPU
		{C96096DB-C5DA-4C92-B402-927C97235C77}.Debug|iPhone.Build.0 = Debug|Any CPU
		{C96096DB-C5DA-4C92-B402-927C97235C77}.Debug|iPhone.Deploy.0 = Debug|Any CPU
		{C96096DB-C5DA-4C92-B402-927C97235C77}.Debug|iPhoneSimulator.ActiveCfg = Debug|Any CPU
		{C96096DB-C5DA-4C92-B402-927C97235C77}.Debug|iPhoneSimulator.Build.0 = Debug|Any CPU
		{C96096DB-C5DA-4C92-B402-927C97235C77}.Debug|iPhoneSimulator.Deploy.0 = Debug|Any CPU
		{C96096DB-C5DA-4C92-B402-927C97235C77}.Debug|x64.ActiveCfg = Debug|Any CPU
		{C96096DB-C5DA-4C92-B402-927C97235C77}.Debug|x64.Build.0 = Debug|Any CPU
		{C96096DB-C5DA-4C92-B402-927C97235C77}.Debug|x64.Deploy.0 = Debug|Any CPU
		{C96096DB-C5DA-4C92-B402-927C97235C77}.Debug|x86.ActiveCfg = Debug|Any CPU
		{C96096DB-C5DA-4C92-B402-927C97235C77}.Debug|x86.Build.0 = Debug|Any CPU
		{C96096DB-C5DA-4C92-B402-927C97235C77}.Debug|x86.Deploy.0 = Debug|Any CPU
		{C96096DB-C5DA-4C92-B402-927C97235C77}.Release|Any CPU.ActiveCfg = Release|Any CPU
		{C96096DB-C5DA-4C92-B402-927C97235C77}.Release|Any CPU.Build.0 = Release|Any CPU
		{C96096DB-C5DA-4C92-B402-927C97235C77}.Release|Any CPU.Deploy.0 = Release|Any CPU
		{C96096DB-C5DA-4C92-B402-927C97235C77}.Release|ARM.ActiveCfg = Release|Any CPU
		{C96096DB-C5DA-4C92-B402-927C97235C77}.Release|ARM.Build.0 = Release|Any CPU
		{C96096DB-C5DA-4C92-B402-927C97235C77}.Release|ARM.Deploy.0 = Release|Any CPU
		{C96096DB-C5DA-4C92-B402-927C97235C77}.Release|iPhone.ActiveCfg = Release|Any CPU
		{C96096DB-C5DA-4C92-B402-927C97235C77}.Release|iPhone.Build.0 = Release|Any CPU
		{C96096DB-C5DA-4C92-B402-927C97235C77}.Release|iPhone.Deploy.0 = Release|Any CPU
		{C96096DB-C5DA-4C92-B402-927C97235C77}.Release|iPhoneSimulator.ActiveCfg = Release|Any CPU
		{C96096DB-C5DA-4C92-B402-927C97235C77}.Release|iPhoneSimulator.Build.0 = Release|Any CPU
		{C96096DB-C5DA-4C92-B402-927C97235C77}.Release|iPhoneSimulator.Deploy.0 = Release|Any CPU
		{C96096DB-C5DA-4C92-B402-927C97235C77}.Release|x64.ActiveCfg = Release|Any CPU
		{C96096DB-C5DA-4C92-B402-927C97235C77}.Release|x64.Build.0 = Release|Any CPU
		{C96096DB-C5DA-4C92-B402-927C97235C77}.Release|x64.Deploy.0 = Release|Any CPU
		{C96096DB-C5DA-4C92-B402-927C97235C77}.Release|x86.ActiveCfg = Release|Any CPU
		{C96096DB-C5DA-4C92-B402-927C97235C77}.Release|x86.Build.0 = Release|Any CPU
		{C96096DB-C5DA-4C92-B402-927C97235C77}.Release|x86.Deploy.0 = Release|Any CPU
		{8F9DBEC6-9E59-4181-A1C0-721E27318E2D}.Ad-Hoc|Any CPU.ActiveCfg = Ad-Hoc|iPhone
		{8F9DBEC6-9E59-4181-A1C0-721E27318E2D}.Ad-Hoc|ARM.ActiveCfg = Ad-Hoc|iPhone
		{8F9DBEC6-9E59-4181-A1C0-721E27318E2D}.Ad-Hoc|iPhone.ActiveCfg = Ad-Hoc|iPhone
		{8F9DBEC6-9E59-4181-A1C0-721E27318E2D}.Ad-Hoc|iPhone.Build.0 = Ad-Hoc|iPhone
		{8F9DBEC6-9E59-4181-A1C0-721E27318E2D}.Ad-Hoc|iPhoneSimulator.ActiveCfg = Ad-Hoc|iPhoneSimulator
		{8F9DBEC6-9E59-4181-A1C0-721E27318E2D}.Ad-Hoc|iPhoneSimulator.Build.0 = Ad-Hoc|iPhoneSimulator
		{8F9DBEC6-9E59-4181-A1C0-721E27318E2D}.Ad-Hoc|x64.ActiveCfg = Ad-Hoc|iPhone
		{8F9DBEC6-9E59-4181-A1C0-721E27318E2D}.Ad-Hoc|x86.ActiveCfg = Ad-Hoc|iPhone
		{8F9DBEC6-9E59-4181-A1C0-721E27318E2D}.AppStore|Any CPU.ActiveCfg = AppStore|iPhone
		{8F9DBEC6-9E59-4181-A1C0-721E27318E2D}.AppStore|ARM.ActiveCfg = AppStore|iPhone
		{8F9DBEC6-9E59-4181-A1C0-721E27318E2D}.AppStore|iPhone.ActiveCfg = AppStore|iPhone
		{8F9DBEC6-9E59-4181-A1C0-721E27318E2D}.AppStore|iPhone.Build.0 = AppStore|iPhone
		{8F9DBEC6-9E59-4181-A1C0-721E27318E2D}.AppStore|iPhoneSimulator.ActiveCfg = AppStore|iPhoneSimulator
		{8F9DBEC6-9E59-4181-A1C0-721E27318E2D}.AppStore|iPhoneSimulator.Build.0 = AppStore|iPhoneSimulator
		{8F9DBEC6-9E59-4181-A1C0-721E27318E2D}.AppStore|x64.ActiveCfg = AppStore|iPhone
		{8F9DBEC6-9E59-4181-A1C0-721E27318E2D}.AppStore|x86.ActiveCfg = AppStore|iPhone
		{8F9DBEC6-9E59-4181-A1C0-721E27318E2D}.Debug|Any CPU.ActiveCfg = Debug|iPhone
		{8F9DBEC6-9E59-4181-A1C0-721E27318E2D}.Debug|ARM.ActiveCfg = Debug|iPhone
		{8F9DBEC6-9E59-4181-A1C0-721E27318E2D}.Debug|iPhone.ActiveCfg = Debug|iPhone
		{8F9DBEC6-9E59-4181-A1C0-721E27318E2D}.Debug|iPhone.Build.0 = Debug|iPhone
		{8F9DBEC6-9E59-4181-A1C0-721E27318E2D}.Debug|iPhoneSimulator.ActiveCfg = Debug|iPhoneSimulator
		{8F9DBEC6-9E59-4181-A1C0-721E27318E2D}.Debug|iPhoneSimulator.Build.0 = Debug|iPhoneSimulator
		{8F9DBEC6-9E59-4181-A1C0-721E27318E2D}.Debug|x64.ActiveCfg = Debug|iPhone
		{8F9DBEC6-9E59-4181-A1C0-721E27318E2D}.Debug|x86.ActiveCfg = Debug|iPhone
		{8F9DBEC6-9E59-4181-A1C0-721E27318E2D}.Release|Any CPU.ActiveCfg = Release|iPhone
		{8F9DBEC6-9E59-4181-A1C0-721E27318E2D}.Release|ARM.ActiveCfg = Release|iPhone
		{8F9DBEC6-9E59-4181-A1C0-721E27318E2D}.Release|iPhone.ActiveCfg = Release|iPhone
		{8F9DBEC6-9E59-4181-A1C0-721E27318E2D}.Release|iPhone.Build.0 = Release|iPhone
		{8F9DBEC6-9E59-4181-A1C0-721E27318E2D}.Release|iPhoneSimulator.ActiveCfg = Release|iPhoneSimulator
		{8F9DBEC6-9E59-4181-A1C0-721E27318E2D}.Release|iPhoneSimulator.Build.0 = Release|iPhoneSimulator
		{8F9DBEC6-9E59-4181-A1C0-721E27318E2D}.Release|x64.ActiveCfg = Release|iPhone
		{8F9DBEC6-9E59-4181-A1C0-721E27318E2D}.Release|x86.ActiveCfg = Release|iPhone
		{DD894659-8B90-4B1A-90D9-98B08730B3A2}.Ad-Hoc|Any CPU.ActiveCfg = Release|x86
		{DD894659-8B90-4B1A-90D9-98B08730B3A2}.Ad-Hoc|Any CPU.Build.0 = Release|x86
		{DD894659-8B90-4B1A-90D9-98B08730B3A2}.Ad-Hoc|Any CPU.Deploy.0 = Release|x86
		{DD894659-8B90-4B1A-90D9-98B08730B3A2}.Ad-Hoc|ARM.ActiveCfg = Release|ARM
		{DD894659-8B90-4B1A-90D9-98B08730B3A2}.Ad-Hoc|ARM.Build.0 = Release|ARM
		{DD894659-8B90-4B1A-90D9-98B08730B3A2}.Ad-Hoc|ARM.Deploy.0 = Release|ARM
		{DD894659-8B90-4B1A-90D9-98B08730B3A2}.Ad-Hoc|iPhone.ActiveCfg = Release|x86
		{DD894659-8B90-4B1A-90D9-98B08730B3A2}.Ad-Hoc|iPhone.Build.0 = Release|x86
		{DD894659-8B90-4B1A-90D9-98B08730B3A2}.Ad-Hoc|iPhone.Deploy.0 = Release|x86
		{DD894659-8B90-4B1A-90D9-98B08730B3A2}.Ad-Hoc|iPhoneSimulator.ActiveCfg = Release|x86
		{DD894659-8B90-4B1A-90D9-98B08730B3A2}.Ad-Hoc|iPhoneSimulator.Build.0 = Release|x86
		{DD894659-8B90-4B1A-90D9-98B08730B3A2}.Ad-Hoc|iPhoneSimulator.Deploy.0 = Release|x86
		{DD894659-8B90-4B1A-90D9-98B08730B3A2}.Ad-Hoc|x64.ActiveCfg = Release|x64
		{DD894659-8B90-4B1A-90D9-98B08730B3A2}.Ad-Hoc|x64.Build.0 = Release|x64
		{DD894659-8B90-4B1A-90D9-98B08730B3A2}.Ad-Hoc|x64.Deploy.0 = Release|x64
		{DD894659-8B90-4B1A-90D9-98B08730B3A2}.Ad-Hoc|x86.ActiveCfg = Release|x86
		{DD894659-8B90-4B1A-90D9-98B08730B3A2}.Ad-Hoc|x86.Build.0 = Release|x86
		{DD894659-8B90-4B1A-90D9-98B08730B3A2}.Ad-Hoc|x86.Deploy.0 = Release|x86
		{DD894659-8B90-4B1A-90D9-98B08730B3A2}.AppStore|Any CPU.ActiveCfg = Release|x86
		{DD894659-8B90-4B1A-90D9-98B08730B3A2}.AppStore|Any CPU.Build.0 = Release|x86
		{DD894659-8B90-4B1A-90D9-98B08730B3A2}.AppStore|Any CPU.Deploy.0 = Release|x86
		{DD894659-8B90-4B1A-90D9-98B08730B3A2}.AppStore|ARM.ActiveCfg = Release|ARM
		{DD894659-8B90-4B1A-90D9-98B08730B3A2}.AppStore|ARM.Build.0 = Release|ARM
		{DD894659-8B90-4B1A-90D9-98B08730B3A2}.AppStore|ARM.Deploy.0 = Release|ARM
		{DD894659-8B90-4B1A-90D9-98B08730B3A2}.AppStore|iPhone.ActiveCfg = Release|x86
		{DD894659-8B90-4B1A-90D9-98B08730B3A2}.AppStore|iPhone.Build.0 = Release|x86
		{DD894659-8B90-4B1A-90D9-98B08730B3A2}.AppStore|iPhone.Deploy.0 = Release|x86
		{DD894659-8B90-4B1A-90D9-98B08730B3A2}.AppStore|iPhoneSimulator.ActiveCfg = Release|x86
		{DD894659-8B90-4B1A-90D9-98B08730B3A2}.AppStore|iPhoneSimulator.Build.0 = Release|x86
		{DD894659-8B90-4B1A-90D9-98B08730B3A2}.AppStore|iPhoneSimulator.Deploy.0 = Release|x86
		{DD894659-8B90-4B1A-90D9-98B08730B3A2}.AppStore|x64.ActiveCfg = Release|x64
		{DD894659-8B90-4B1A-90D9-98B08730B3A2}.AppStore|x64.Build.0 = Release|x64
		{DD894659-8B90-4B1A-90D9-98B08730B3A2}.AppStore|x64.Deploy.0 = Release|x64
		{DD894659-8B90-4B1A-90D9-98B08730B3A2}.AppStore|x86.ActiveCfg = Release|x86
		{DD894659-8B90-4B1A-90D9-98B08730B3A2}.AppStore|x86.Build.0 = Release|x86
		{DD894659-8B90-4B1A-90D9-98B08730B3A2}.AppStore|x86.Deploy.0 = Release|x86
		{DD894659-8B90-4B1A-90D9-98B08730B3A2}.Debug|Any CPU.ActiveCfg = Debug|x86
		{DD894659-8B90-4B1A-90D9-98B08730B3A2}.Debug|ARM.ActiveCfg = Debug|ARM
		{DD894659-8B90-4B1A-90D9-98B08730B3A2}.Debug|ARM.Build.0 = Debug|ARM
		{DD894659-8B90-4B1A-90D9-98B08730B3A2}.Debug|ARM.Deploy.0 = Debug|ARM
		{DD894659-8B90-4B1A-90D9-98B08730B3A2}.Debug|iPhone.ActiveCfg = Debug|x86
		{DD894659-8B90-4B1A-90D9-98B08730B3A2}.Debug|iPhoneSimulator.ActiveCfg = Debug|x86
		{DD894659-8B90-4B1A-90D9-98B08730B3A2}.Debug|x64.ActiveCfg = Debug|x64
		{DD894659-8B90-4B1A-90D9-98B08730B3A2}.Debug|x64.Build.0 = Debug|x64
		{DD894659-8B90-4B1A-90D9-98B08730B3A2}.Debug|x64.Deploy.0 = Debug|x64
		{DD894659-8B90-4B1A-90D9-98B08730B3A2}.Debug|x86.ActiveCfg = Debug|x86
		{DD894659-8B90-4B1A-90D9-98B08730B3A2}.Debug|x86.Build.0 = Debug|x86
		{DD894659-8B90-4B1A-90D9-98B08730B3A2}.Debug|x86.Deploy.0 = Debug|x86
		{DD894659-8B90-4B1A-90D9-98B08730B3A2}.Release|Any CPU.ActiveCfg = Release|x86
		{DD894659-8B90-4B1A-90D9-98B08730B3A2}.Release|ARM.ActiveCfg = Release|ARM
		{DD894659-8B90-4B1A-90D9-98B08730B3A2}.Release|ARM.Build.0 = Release|ARM
		{DD894659-8B90-4B1A-90D9-98B08730B3A2}.Release|ARM.Deploy.0 = Release|ARM
		{DD894659-8B90-4B1A-90D9-98B08730B3A2}.Release|iPhone.ActiveCfg = Release|x86
		{DD894659-8B90-4B1A-90D9-98B08730B3A2}.Release|iPhoneSimulator.ActiveCfg = Release|x86
		{DD894659-8B90-4B1A-90D9-98B08730B3A2}.Release|x64.ActiveCfg = Release|x64
		{DD894659-8B90-4B1A-90D9-98B08730B3A2}.Release|x64.Build.0 = Release|x64
		{DD894659-8B90-4B1A-90D9-98B08730B3A2}.Release|x64.Deploy.0 = Release|x64
		{DD894659-8B90-4B1A-90D9-98B08730B3A2}.Release|x86.ActiveCfg = Release|x86
		{DD894659-8B90-4B1A-90D9-98B08730B3A2}.Release|x86.Build.0 = Release|x86
		{DD894659-8B90-4B1A-90D9-98B08730B3A2}.Release|x86.Deploy.0 = Release|x86
		{72E141EB-40F5-49E3-A23E-E6A07FBD3FBD}.Ad-Hoc|Any CPU.ActiveCfg = Release|Any CPU
		{72E141EB-40F5-49E3-A23E-E6A07FBD3FBD}.Ad-Hoc|Any CPU.Build.0 = Release|Any CPU
		{72E141EB-40F5-49E3-A23E-E6A07FBD3FBD}.Ad-Hoc|ARM.ActiveCfg = Release|Any CPU
		{72E141EB-40F5-49E3-A23E-E6A07FBD3FBD}.Ad-Hoc|ARM.Build.0 = Release|Any CPU
		{72E141EB-40F5-49E3-A23E-E6A07FBD3FBD}.Ad-Hoc|iPhone.ActiveCfg = Release|Any CPU
		{72E141EB-40F5-49E3-A23E-E6A07FBD3FBD}.Ad-Hoc|iPhone.Build.0 = Release|Any CPU
		{72E141EB-40F5-49E3-A23E-E6A07FBD3FBD}.Ad-Hoc|iPhoneSimulator.ActiveCfg = Release|Any CPU
		{72E141EB-40F5-49E3-A23E-E6A07FBD3FBD}.Ad-Hoc|iPhoneSimulator.Build.0 = Release|Any CPU
		{72E141EB-40F5-49E3-A23E-E6A07FBD3FBD}.Ad-Hoc|x64.ActiveCfg = Release|Any CPU
		{72E141EB-40F5-49E3-A23E-E6A07FBD3FBD}.Ad-Hoc|x64.Build.0 = Release|Any CPU
		{72E141EB-40F5-49E3-A23E-E6A07FBD3FBD}.Ad-Hoc|x86.ActiveCfg = Release|Any CPU
		{72E141EB-40F5-49E3-A23E-E6A07FBD3FBD}.Ad-Hoc|x86.Build.0 = Release|Any CPU
		{72E141EB-40F5-49E3-A23E-E6A07FBD3FBD}.AppStore|Any CPU.ActiveCfg = Release|Any CPU
		{72E141EB-40F5-49E3-A23E-E6A07FBD3FBD}.AppStore|Any CPU.Build.0 = Release|Any CPU
		{72E141EB-40F5-49E3-A23E-E6A07FBD3FBD}.AppStore|ARM.ActiveCfg = Release|Any CPU
		{72E141EB-40F5-49E3-A23E-E6A07FBD3FBD}.AppStore|ARM.Build.0 = Release|Any CPU
		{72E141EB-40F5-49E3-A23E-E6A07FBD3FBD}.AppStore|iPhone.ActiveCfg = Release|Any CPU
		{72E141EB-40F5-49E3-A23E-E6A07FBD3FBD}.AppStore|iPhone.Build.0 = Release|Any CPU
		{72E141EB-40F5-49E3-A23E-E6A07FBD3FBD}.AppStore|iPhoneSimulator.ActiveCfg = Release|Any CPU
		{72E141EB-40F5-49E3-A23E-E6A07FBD3FBD}.AppStore|iPhoneSimulator.Build.0 = Release|Any CPU
		{72E141EB-40F5-49E3-A23E-E6A07FBD3FBD}.AppStore|x64.ActiveCfg = Release|Any CPU
		{72E141EB-40F5-49E3-A23E-E6A07FBD3FBD}.AppStore|x64.Build.0 = Release|Any CPU
		{72E141EB-40F5-49E3-A23E-E6A07FBD3FBD}.AppStore|x86.ActiveCfg = Release|Any CPU
		{72E141EB-40F5-49E3-A23E-E6A07FBD3FBD}.AppStore|x86.Build.0 = Release|Any CPU
		{72E141EB-40F5-49E3-A23E-E6A07FBD3FBD}.Debug|Any CPU.ActiveCfg = Debug|Any CPU
		{72E141EB-40F5-49E3-A23E-E6A07FBD3FBD}.Debug|Any CPU.Build.0 = Debug|Any CPU
		{72E141EB-40F5-49E3-A23E-E6A07FBD3FBD}.Debug|ARM.ActiveCfg = Debug|Any CPU
		{72E141EB-40F5-49E3-A23E-E6A07FBD3FBD}.Debug|ARM.Build.0 = Debug|Any CPU
		{72E141EB-40F5-49E3-A23E-E6A07FBD3FBD}.Debug|iPhone.ActiveCfg = Debug|Any CPU
		{72E141EB-40F5-49E3-A23E-E6A07FBD3FBD}.Debug|iPhone.Build.0 = Debug|Any CPU
		{72E141EB-40F5-49E3-A23E-E6A07FBD3FBD}.Debug|iPhoneSimulator.ActiveCfg = Debug|Any CPU
		{72E141EB-40F5-49E3-A23E-E6A07FBD3FBD}.Debug|iPhoneSimulator.Build.0 = Debug|Any CPU
		{72E141EB-40F5-49E3-A23E-E6A07FBD3FBD}.Debug|x64.ActiveCfg = Debug|Any CPU
		{72E141EB-40F5-49E3-A23E-E6A07FBD3FBD}.Debug|x64.Build.0 = Debug|Any CPU
		{72E141EB-40F5-49E3-A23E-E6A07FBD3FBD}.Debug|x86.ActiveCfg = Debug|Any CPU
		{72E141EB-40F5-49E3-A23E-E6A07FBD3FBD}.Debug|x86.Build.0 = Debug|Any CPU
		{72E141EB-40F5-49E3-A23E-E6A07FBD3FBD}.Release|Any CPU.ActiveCfg = Release|Any CPU
		{72E141EB-40F5-49E3-A23E-E6A07FBD3FBD}.Release|Any CPU.Build.0 = Release|Any CPU
		{72E141EB-40F5-49E3-A23E-E6A07FBD3FBD}.Release|ARM.ActiveCfg = Release|Any CPU
		{72E141EB-40F5-49E3-A23E-E6A07FBD3FBD}.Release|ARM.Build.0 = Release|Any CPU
		{72E141EB-40F5-49E3-A23E-E6A07FBD3FBD}.Release|iPhone.ActiveCfg = Release|Any CPU
		{72E141EB-40F5-49E3-A23E-E6A07FBD3FBD}.Release|iPhone.Build.0 = Release|Any CPU
		{72E141EB-40F5-49E3-A23E-E6A07FBD3FBD}.Release|iPhoneSimulator.ActiveCfg = Release|Any CPU
		{72E141EB-40F5-49E3-A23E-E6A07FBD3FBD}.Release|iPhoneSimulator.Build.0 = Release|Any CPU
		{72E141EB-40F5-49E3-A23E-E6A07FBD3FBD}.Release|x64.ActiveCfg = Release|Any CPU
		{72E141EB-40F5-49E3-A23E-E6A07FBD3FBD}.Release|x64.Build.0 = Release|Any CPU
		{72E141EB-40F5-49E3-A23E-E6A07FBD3FBD}.Release|x86.ActiveCfg = Release|Any CPU
		{72E141EB-40F5-49E3-A23E-E6A07FBD3FBD}.Release|x86.Build.0 = Release|Any CPU
	EndGlobalSection
	GlobalSection(SolutionProperties) = preSolution
		HideSolutionNode = FALSE
	EndGlobalSection
EndGlobal
